
Microsoft Visual Studio Solution File, Format Version 12.00
# Visual Studio Version 16
VisualStudioVersion = 16.0.28922.388
MinimumVisualStudioVersion = 10.0.40219.1
Project("{FAE04EC0-301F-11D3-BF4B-00C04F79EFBC}") = "Lemonade_Stand_UML", "Lemonade_Stand_UML.csproj", "{DAC3D79E-96ED-4A26-A117-6FBDB7943735}"
EndProject
Global
	GlobalSection(SolutionConfigurationPlatforms) = preSolution
		Debug|Any CPU = Debug|Any CPU
		Release|Any CPU = Release|Any CPU
	EndGlobalSection
	GlobalSection(ProjectConfigurationPlatforms) = postSolution
		{DAC3D79E-96ED-4A26-A117-6FBDB7943735}.Debug|Any CPU.ActiveCfg = Debug|Any CPU
		{DAC3D79E-96ED-4A26-A117-6FBDB7943735}.Debug|Any CPU.Build.0 = Debug|Any CPU
		{DAC3D79E-96ED-4A26-A117-6FBDB7943735}.Release|Any CPU.ActiveCfg = Release|Any CPU
		{DAC3D79E-96ED-4A26-A117-6FBDB7943735}.Release|Any CPU.Build.0 = Release|Any CPU
	EndGlobalSection
	GlobalSection(SolutionProperties) = preSolution
		HideSolutionNode = FALSE
	EndGlobalSection
	GlobalSection(ExtensibilityGlobals) = postSolution
		SolutionGuid = {37DCDEB1-A629-4AB6-BF51-612813D8B9EC}
	EndGlobalSection
EndGlobal
